{
  "version": 4,
  "terraform_version": "1.6.3",
  "serial": 36,
  "lineage": "52a8fd05-3e0f-82e3-70e8-b7bfbe84fb39",
  "outputs": {},
  "resources": [
    {
      "module": "module.url_checker",
      "mode": "data",
      "type": "archive_file",
      "name": "lambda_zip",
      "provider": "provider[\"registry.terraform.io/hashicorp/archive\"]",
      "instances": [
        {
          "schema_version": 0,
          "attributes": {
            "exclude_symlink_directories": null,
            "excludes": null,
            "id": "354b59fc47c91dc21119a4fc5357da76d10a1d42",
            "output_base64sha256": "tREc2H+vik6e8Dc/nXLpGnU/6FD4wIlWmE7qiIsEjSs=",
            "output_base64sha512": "mSfRDwX0L2ZE029kvhPx15lQthV02fdFdd5jjhAXGEo6RaqcfjPe/Z/LwJKv0ll7Mu8Bkjiue7HGYiJPTCEUYg==",
            "output_file_mode": null,
            "output_md5": "9a73530f6eb1790b5e8db51de40a7af0",
            "output_path": "module/url_checker/lambda_function.zip",
            "output_sha": "354b59fc47c91dc21119a4fc5357da76d10a1d42",
            "output_sha256": "b5111cd87faf8a4e9ef0373f9d72e91a753fe850f8c08956984eea888b048d2b",
            "output_sha512": "9927d10f05f42f6644d36f64be13f1d79950b61574d9f74575de638e1017184a3a45aa9c7e33defd9fcbc092afd2597b32ef019238ae7bb1c662224f4c211462",
            "output_size": 707,
            "source": [],
            "source_content": null,
            "source_content_filename": null,
            "source_dir": "module/url_checker/lambda_function",
            "source_file": null,
            "type": "zip"
          },
          "sensitive_attributes": []
        }
      ]
    },
    {
      "module": "module.url_checker",
      "mode": "managed",
      "type": "aws_cloudwatch_event_rule",
      "name": "schedule_rule",
      "provider": "provider[\"registry.terraform.io/hashicorp/aws\"]",
      "instances": [
        {
          "schema_version": 1,
          "attributes": {
            "arn": "arn:aws:events:ap-south-1:730335359929:rule/InvokeUrlCheckerLambdaRule",
            "description": "Schedule to invoke URL checker Lambda function",
            "event_bus_name": "default",
            "event_pattern": "{\"detail-type\":[\"Scheduled Event\"],\"resources\":[\"*\"],\"source\":[\"aws.events\"]}",
            "force_destroy": false,
            "id": "InvokeUrlCheckerLambdaRule",
            "is_enabled": true,
            "name": "InvokeUrlCheckerLambdaRule",
            "name_prefix": "",
            "role_arn": "",
            "schedule_expression": "rate(30 minutes)",
            "state": "ENABLED",
            "tags": {},
            "tags_all": {}
          },
          "sensitive_attributes": [],
          "private": "eyJzY2hlbWFfdmVyc2lvbiI6IjEifQ=="
        }
      ]
    },
    {
      "module": "module.url_checker",
      "mode": "managed",
      "type": "aws_cloudwatch_event_target",
      "name": "invoke_lambda_target",
      "provider": "provider[\"registry.terraform.io/hashicorp/aws\"]",
      "instances": [
        {
          "schema_version": 1,
          "attributes": {
            "arn": "arn:aws:lambda:ap-south-1:730335359929:function:url-checker-lambda",
            "batch_target": [],
            "dead_letter_config": [],
            "ecs_target": [],
            "event_bus_name": "default",
            "force_destroy": false,
            "http_target": [],
            "id": "InvokeUrlCheckerLambdaRule-InvokeUrlCheckerLambdaTarget",
            "input": "{\"key1\": \"https://yit\"}",
            "input_path": "",
            "input_transformer": [],
            "kinesis_target": [],
            "redshift_target": [],
            "retry_policy": [],
            "role_arn": "",
            "rule": "InvokeUrlCheckerLambdaRule",
            "run_command_targets": [],
            "sagemaker_pipeline_target": [],
            "sqs_target": [],
            "target_id": "InvokeUrlCheckerLambdaTarget"
          },
          "sensitive_attributes": [],
          "private": "eyJzY2hlbWFfdmVyc2lvbiI6IjEifQ==",
          "dependencies": [
            "module.url_checker.aws_cloudwatch_event_rule.schedule_rule",
            "module.url_checker.aws_iam_role.lambda_role",
            "module.url_checker.aws_lambda_function.url_checker_lambda",
            "module.url_checker.aws_sns_topic.alerts",
            "module.url_checker.data.archive_file.lambda_zip"
          ]
        }
      ]
    },
    {
      "module": "module.url_checker",
      "mode": "managed",
      "type": "aws_iam_policy_attachment",
      "name": "lambda_eventbridge_policy_attachment",
      "provider": "provider[\"registry.terraform.io/hashicorp/aws\"]",
      "instances": [
        {
          "schema_version": 0,
          "attributes": {
            "groups": null,
            "id": "lambda-eventbridge-policy",
            "name": "lambda-eventbridge-policy",
            "policy_arn": "arn:aws:iam::aws:policy/service-role/AWSLambdaBasicExecutionRole",
            "roles": [
              "lambda-role-url-checker"
            ],
            "users": null
          },
          "sensitive_attributes": [],
          "private": "bnVsbA==",
          "dependencies": [
            "module.url_checker.aws_iam_role.lambda_role",
            "module.url_checker.aws_sns_topic.alerts"
          ]
        }
      ]
    },
    {
      "module": "module.url_checker",
      "mode": "managed",
      "type": "aws_iam_policy_attachment",
      "name": "lambda_sns_policy_attachment",
      "provider": "provider[\"registry.terraform.io/hashicorp/aws\"]",
      "instances": [
        {
          "schema_version": 0,
          "attributes": {
            "groups": null,
            "id": "lambda-sns-policy",
            "name": "lambda-sns-policy",
            "policy_arn": "arn:aws:iam::aws:policy/service-role/AWSLambdaBasicExecutionRole",
            "roles": [
              "lambda-role-url-checker"
            ],
            "users": null
          },
          "sensitive_attributes": [],
          "private": "bnVsbA==",
          "dependencies": [
            "module.url_checker.aws_iam_role.lambda_role",
            "module.url_checker.aws_sns_topic.alerts"
          ]
        }
      ]
    },
    {
      "module": "module.url_checker",
      "mode": "managed",
      "type": "aws_iam_role",
      "name": "lambda_role",
      "provider": "provider[\"registry.terraform.io/hashicorp/aws\"]",
      "instances": [
        {
          "schema_version": 0,
          "attributes": {
            "arn": "arn:aws:iam::730335359929:role/lambda-role-url-checker",
            "assume_role_policy": "{\"Statement\":[{\"Action\":\"sts:AssumeRole\",\"Effect\":\"Allow\",\"Principal\":{\"Service\":\"lambda.amazonaws.com\"}}],\"Version\":\"2012-10-17\"}",
            "create_date": "2024-06-17T11:09:23Z",
            "description": "",
            "force_detach_policies": false,
            "id": "lambda-role-url-checker",
            "inline_policy": [
              {
                "name": "lambda-policy",
                "policy": "{\"Version\":\"2012-10-17\",\"Statement\":[{\"Action\":[\"logs:CreateLogGroup\",\"logs:CreateLogStream\",\"logs:PutLogEvents\"],\"Effect\":\"Allow\",\"Resource\":\"arn:aws:logs:*:*:*\"},{\"Action\":[\"sns:Publish\"],\"Effect\":\"Allow\",\"Resource\":\"arn:aws:sns:ap-south-1:730335359929:url-checker-alerts\"}]}"
              }
            ],
            "managed_policy_arns": [],
            "max_session_duration": 3600,
            "name": "lambda-role-url-checker",
            "name_prefix": "",
            "path": "/",
            "permissions_boundary": "",
            "tags": {},
            "tags_all": {},
            "unique_id": "AROA2UC3BGO44IDFXJXHH"
          },
          "sensitive_attributes": [],
          "private": "bnVsbA==",
          "dependencies": [
            "module.url_checker.aws_sns_topic.alerts"
          ]
        }
      ]
    },
    {
      "module": "module.url_checker",
      "mode": "managed",
      "type": "aws_lambda_function",
      "name": "url_checker_lambda",
      "provider": "provider[\"registry.terraform.io/hashicorp/aws\"]",
      "instances": [
        {
          "schema_version": 0,
          "attributes": {
            "architectures": [
              "x86_64"
            ],
            "arn": "arn:aws:lambda:ap-south-1:730335359929:function:url-checker-lambda",
            "code_sha256": "DBSYaxu8W11KpT3s3IbA326/FaziGa2Ku46eNIVaGhc=",
            "code_signing_config_arn": "",
            "dead_letter_config": [],
            "description": "",
            "environment": [
              {
                "variables": {
                  "SNS_TOPIC_ARN": "arn:aws:sns:ap-south-1:730335359929:url-checker-alerts"
                }
              }
            ],
            "ephemeral_storage": [
              {
                "size": 512
              }
            ],
            "file_system_config": [],
            "filename": "module/url_checker/lambda_function.zip",
            "function_name": "url-checker-lambda",
            "handler": "lambda_function.lambda_handler",
            "id": "url-checker-lambda",
            "image_config": [],
            "image_uri": "",
            "invoke_arn": "arn:aws:apigateway:ap-south-1:lambda:path/2015-03-31/functions/arn:aws:lambda:ap-south-1:730335359929:function:url-checker-lambda/invocations",
            "kms_key_arn": "",
            "last_modified": "2024-06-17T11:19:37.000+0000",
            "layers": [],
            "logging_config": [
              {
                "application_log_level": "",
                "log_format": "Text",
                "log_group": "/aws/lambda/url-checker-lambda",
                "system_log_level": ""
              }
            ],
            "memory_size": 128,
            "package_type": "Zip",
            "publish": false,
            "qualified_arn": "arn:aws:lambda:ap-south-1:730335359929:function:url-checker-lambda:$LATEST",
            "qualified_invoke_arn": "arn:aws:apigateway:ap-south-1:lambda:path/2015-03-31/functions/arn:aws:lambda:ap-south-1:730335359929:function:url-checker-lambda:$LATEST/invocations",
            "replace_security_groups_on_destroy": null,
            "replacement_security_group_ids": null,
            "reserved_concurrent_executions": -1,
            "role": "arn:aws:iam::730335359929:role/lambda-role-url-checker",
            "runtime": "python3.8",
            "s3_bucket": null,
            "s3_key": null,
            "s3_object_version": null,
            "signing_job_arn": "",
            "signing_profile_version_arn": "",
            "skip_destroy": false,
            "snap_start": [],
            "source_code_hash": "",
            "source_code_size": 686,
            "tags": {},
            "tags_all": {},
            "timeout": 60,
            "timeouts": null,
            "tracing_config": [
              {
                "mode": "PassThrough"
              }
            ],
            "version": "$LATEST",
            "vpc_config": []
          },
          "sensitive_attributes": [],
          "private": "eyJlMmJmYjczMC1lY2FhLTExZTYtOGY4OC0zNDM2M2JjN2M0YzAiOnsiY3JlYXRlIjo2MDAwMDAwMDAwMDAsImRlbGV0ZSI6NjAwMDAwMDAwMDAwLCJ1cGRhdGUiOjYwMDAwMDAwMDAwMH19",
          "dependencies": [
            "module.url_checker.aws_iam_role.lambda_role",
            "module.url_checker.aws_sns_topic.alerts",
            "module.url_checker.data.archive_file.lambda_zip"
          ]
        }
      ]
    },
    {
      "module": "module.url_checker",
      "mode": "managed",
      "type": "aws_sns_topic",
      "name": "alerts",
      "provider": "provider[\"registry.terraform.io/hashicorp/aws\"]",
      "instances": [
        {
          "schema_version": 0,
          "attributes": {
            "application_failure_feedback_role_arn": "",
            "application_success_feedback_role_arn": "",
            "application_success_feedback_sample_rate": 0,
            "archive_policy": "",
            "arn": "arn:aws:sns:ap-south-1:730335359929:url-checker-alerts",
            "beginning_archive_time": "",
            "content_based_deduplication": false,
            "delivery_policy": "",
            "display_name": "URL Checker Alerts",
            "fifo_topic": false,
            "firehose_failure_feedback_role_arn": "",
            "firehose_success_feedback_role_arn": "",
            "firehose_success_feedback_sample_rate": 0,
            "http_failure_feedback_role_arn": "",
            "http_success_feedback_role_arn": "",
            "http_success_feedback_sample_rate": 0,
            "id": "arn:aws:sns:ap-south-1:730335359929:url-checker-alerts",
            "kms_master_key_id": "",
            "lambda_failure_feedback_role_arn": "",
            "lambda_success_feedback_role_arn": "",
            "lambda_success_feedback_sample_rate": 0,
            "name": "url-checker-alerts",
            "name_prefix": "",
            "owner": "730335359929",
            "policy": "{\"Id\":\"__default_policy_ID\",\"Statement\":[{\"Action\":[\"SNS:GetTopicAttributes\",\"SNS:SetTopicAttributes\",\"SNS:AddPermission\",\"SNS:RemovePermission\",\"SNS:DeleteTopic\",\"SNS:Subscribe\",\"SNS:ListSubscriptionsByTopic\",\"SNS:Publish\"],\"Condition\":{\"StringEquals\":{\"AWS:SourceOwner\":\"730335359929\"}},\"Effect\":\"Allow\",\"Principal\":{\"AWS\":\"*\"},\"Resource\":\"arn:aws:sns:ap-south-1:730335359929:url-checker-alerts\",\"Sid\":\"__default_statement_ID\"}],\"Version\":\"2008-10-17\"}",
            "signature_version": 0,
            "sqs_failure_feedback_role_arn": "",
            "sqs_success_feedback_role_arn": "",
            "sqs_success_feedback_sample_rate": 0,
            "tags": {},
            "tags_all": {},
            "tracing_config": ""
          },
          "sensitive_attributes": [],
          "private": "bnVsbA=="
        }
      ]
    },
    {
      "module": "module.url_checker",
      "mode": "managed",
      "type": "aws_sns_topic_subscription",
      "name": "email_subscription",
      "provider": "provider[\"registry.terraform.io/hashicorp/aws\"]",
      "instances": [
        {
          "schema_version": 0,
          "attributes": {
            "arn": "arn:aws:sns:ap-south-1:730335359929:url-checker-alerts:1bb26336-e7cf-41f6-924c-2224aa4148dd",
            "confirmation_timeout_in_minutes": 1,
            "confirmation_was_authenticated": false,
            "delivery_policy": "",
            "endpoint": "rohit.singh042499@gmail.com",
            "endpoint_auto_confirms": false,
            "filter_policy": "",
            "filter_policy_scope": "",
            "id": "arn:aws:sns:ap-south-1:730335359929:url-checker-alerts:1bb26336-e7cf-41f6-924c-2224aa4148dd",
            "owner_id": "730335359929",
            "pending_confirmation": false,
            "protocol": "email",
            "raw_message_delivery": false,
            "redrive_policy": "",
            "replay_policy": "",
            "subscription_role_arn": "",
            "topic_arn": "arn:aws:sns:ap-south-1:730335359929:url-checker-alerts"
          },
          "sensitive_attributes": [],
          "private": "bnVsbA==",
          "dependencies": [
            "module.url_checker.aws_sns_topic.alerts"
          ]
        }
      ]
    }
  ],
  "check_results": null
}
